// !$*UTF8*$!
{
	archiveVersion = 1;
	classes = {
	};
	objectVersion = 77;
	objects = {

/* Begin PBXBuildFile section */
		0582D0EB51C8CB4ADCE9A96C /* Features/EventRegistration/Views/AppliedEventDetailView.swift in Sources */ = {isa = PBXBuildFile; fileRef = F30F6AE22196AB5E18E4F966 /* Features/EventRegistration/Views/AppliedEventDetailView.swift */; };
		0E182344FA814B44AC09A91F /* academic_calendar.json in Resources */ = {isa = PBXBuildFile; fileRef = 1CDAAAD7C4C04A3CAD92AF01 /* academic_calendar.json */; };
		0E182345FA814B44AC09A920 /* Settings.bundle in Resources */ = {isa = PBXBuildFile; fileRef = 1CDAAAD8C4C04A3CAD92AF02 /* Settings.bundle */; };
		0E182346FA814B44AC09A921 /* Features/AcademicCalendar/Views/AcademicCalendarPDFView.swift in Sources */ = {isa = PBXBuildFile; fileRef = 0E182347FA814B44AC09A922 /* Features/AcademicCalendar/Views/AcademicCalendarPDFView.swift */; };
		10A32DB12F431F630009BB45 /* Assets.xcassets in Resources */ = {isa = PBXBuildFile; fileRef = 10A32DA52F431F630009BB45 /* Assets.xcassets */; };
		10A32DB22F431F630009BB45 /* View+Extensions.swift in Sources */ = {isa = PBXBuildFile; fileRef = 10A32DAC2F431F630009BB45 /* View+Extensions.swift */; };
		10A32DB32F431F630009BB45 /* RootView.swift in Sources */ = {isa = PBXBuildFile; fileRef = 10A32D962F431F630009BB45 /* RootView.swift */; };
		10A32DB52F431F630009BB45 /* MinimalToast.swift in Sources */ = {isa = PBXBuildFile; fileRef = 10A32DAA2F431F630009BB45 /* MinimalToast.swift */; };
		10A32DB62F431F630009BB45 /* MinimalTextField.swift in Sources */ = {isa = PBXBuildFile; fileRef = 10A32DA92F431F630009BB45 /* MinimalTextField.swift */; };
		10A32DB72F431F630009BB45 /* NIUApp.swift in Sources */ = {isa = PBXBuildFile; fileRef = 10A32D952F431F630009BB45 /* NIUApp.swift */; };
		10A32DB82F431F630009BB45 /* MinimalCard.swift in Sources */ = {isa = PBXBuildFile; fileRef = 10A32DA72F431F630009BB45 /* MinimalCard.swift */; };
		10A32DB92F431F630009BB45 /* Theme.swift in Sources */ = {isa = PBXBuildFile; fileRef = 10A32DAE2F431F630009BB45 /* Theme.swift */; };
		10A32DBA2F431F630009BB45 /* MinimalSecureField.swift in Sources */ = {isa = PBXBuildFile; fileRef = 10A32DA82F431F630009BB45 /* MinimalSecureField.swift */; };
		10A32DBB2F431F630009BB45 /* HomeView.swift in Sources */ = {isa = PBXBuildFile; fileRef = 10A32DA12F431F630009BB45 /* HomeView.swift */; };
		10A32DBD2F431F630009BB45 /* LoginView.swift in Sources */ = {isa = PBXBuildFile; fileRef = 10A32D9E2F431F630009BB45 /* LoginView.swift */; };
		10A32DBE2F431F630009BB45 /* LoginViewModel.swift in Sources */ = {isa = PBXBuildFile; fileRef = 10A32D9C2F431F630009BB45 /* LoginViewModel.swift */; };
		10A32DCA2F4327A60009BB45 /* AppState.swift in Sources */ = {isa = PBXBuildFile; fileRef = 10A32DC32F4327A60009BB45 /* AppState.swift */; };
		10A32DCB2F4327A60009BB45 /* User.swift in Sources */ = {isa = PBXBuildFile; fileRef = 10A32DC42F4327A60009BB45 /* User.swift */; };
		10A32DCC2F4327A60009BB45 /* SSOCaptchaProcessor.swift in Sources */ = {isa = PBXBuildFile; fileRef = 10A32DC72F4327A60009BB45 /* SSOCaptchaProcessor.swift */; };
		10A32DCD2F4327A60009BB45 /* LoginRepository.swift in Sources */ = {isa = PBXBuildFile; fileRef = 10A32DC62F4327A60009BB45 /* LoginRepository.swift */; };
		10A32DCF2F4327A60009BB45 /* SSOSessionService.swift in Sources */ = {isa = PBXBuildFile; fileRef = 10A32DCE2F4327A60009BB45 /* SSOSessionService.swift */; };
		10D1F8762F80C57900034946 /* WidgetKit.framework in Frameworks */ = {isa = PBXBuildFile; fileRef = 10D1F8752F80C57900034946 /* WidgetKit.framework */; };
		10D1F8782F80C57900034946 /* SwiftUI.framework in Frameworks */ = {isa = PBXBuildFile; fileRef = 10D1F8772F80C57900034946 /* SwiftUI.framework */; };
		10D1F8892F80C57A00034946 /* NIU-LiveActivitiesExtension.appex in Embed Foundation Extensions */ = {isa = PBXBuildFile; fileRef = 10D1F8732F80C57900034946 /* NIU-LiveActivitiesExtension.appex */; settings = {ATTRIBUTES = (RemoveHeadersOnCopy, ); }; };
		19478269EF566FF3F3639DDE /* Features/EventRegistration/Models/EventRegistrationModels.swift in Sources */ = {isa = PBXBuildFile; fileRef = 164860A25809834EAD052539 /* Features/EventRegistration/Models/EventRegistrationModels.swift */; };
		2A6F9D26FB8E49BDC6BC0719 /* Features/AcademicCalendar/Views/AcademicCalendarView.swift in Sources */ = {isa = PBXBuildFile; fileRef = 4FA77F7A401878E68B8284D4 /* Features/AcademicCalendar/Views/AcademicCalendarView.swift */; };
		3D5EA0A44D60577AA027C3F3 /* Features/AcademicCalendar/ViewModels/AcademicCalendarViewModel.swift in Sources */ = {isa = PBXBuildFile; fileRef = 33A1EF221369347B02B04655 /* Features/AcademicCalendar/ViewModels/AcademicCalendarViewModel.swift */; };
		533917A63E725B858C832E8F /* Features/EventRegistration/Views/EventRegistration_Tab2_View.swift in Sources */ = {isa = PBXBuildFile; fileRef = 7887A6F400EF545D630B2778 /* Features/EventRegistration/Views/EventRegistration_Tab2_View.swift */; };
		54315A98B0455F60883B0DF5 /* Features/AcademicCalendar/Models/AcademicCalendarModels.swift in Sources */ = {isa = PBXBuildFile; fileRef = D03EC236A7C7A4762DB0F602 /* Features/AcademicCalendar/Models/AcademicCalendarModels.swift */; };
		5CCC1D48EA2F687ABDFA40C4 /* Features/EventRegistration/Views/ModifyRegistrationView.swift in Sources */ = {isa = PBXBuildFile; fileRef = 261551C8DEA5051502DBB4E9 /* Features/EventRegistration/Views/ModifyRegistrationView.swift */; };
		6E8CC309E88345BB93EF517E /* Shared/Components/ToastView.swift in Sources */ = {isa = PBXBuildFile; fileRef = 427CCA3AAC41141DAB4616E5 /* Shared/Components/ToastView.swift */; };
		79E15ABF1868BE5DC2DB8453 /* Features/EventRegistration/ViewModels/EventRegistration_Tab2_ViewModel.swift in Sources */ = {isa = PBXBuildFile; fileRef = 3CF54E564E0F41D38F6569A8 /* Features/EventRegistration/ViewModels/EventRegistration_Tab2_ViewModel.swift */; };
		79E5A654058A1E7F384DB426 /* Features/AcademicCalendar/ViewModels/CalendarDataSourceConfig.swift in Sources */ = {isa = PBXBuildFile; fileRef = 8F37487BF4102AFFDD8877BB /* Features/AcademicCalendar/ViewModels/CalendarDataSourceConfig.swift */; };
		A1B2C3D4E5F60718293A4B5D /* LICENSE in Resources */ = {isa = PBXBuildFile; fileRef = A1B2C3D4E5F60718293A4B5C /* LICENSE */; };
		A9F0C1D2E3F4A5B6C7D8E9F0 /* PrivacyInfo.xcprivacy in Resources */ = {isa = PBXBuildFile; fileRef = A9F0C1D2E3F4A5B6C7D8E9E0 /* PrivacyInfo.xcprivacy */; };
		AA01BC01AA01BC01AA01BC01 /* Features/ClassSchedule/Models/ClassScheduleModels.swift in Sources */ = {isa = PBXBuildFile; fileRef = AA01BC11AA01BC11AA01BC11 /* Features/ClassSchedule/Models/ClassScheduleModels.swift */; };
		AA01BC02AA01BC02AA01BC02 /* Features/ClassSchedule/Services/ClassScheduleWebView.swift in Sources */ = {isa = PBXBuildFile; fileRef = AA01BC12AA01BC12AA01BC12 /* Features/ClassSchedule/Services/ClassScheduleWebView.swift */; };
		AA01BC03AA01BC03AA01BC03 /* Features/ClassSchedule/ViewModels/ClassScheduleViewModel.swift in Sources */ = {isa = PBXBuildFile; fileRef = AA01BC13AA01BC13AA01BC13 /* Features/ClassSchedule/ViewModels/ClassScheduleViewModel.swift */; };
		AA01BC04AA01BC04AA01BC04 /* Features/ClassSchedule/Views/ClassScheduleView.swift in Sources */ = {isa = PBXBuildFile; fileRef = AA01BC14AA01BC14AA01BC14 /* Features/ClassSchedule/Views/ClassScheduleView.swift */; };
		AA01BC05AA01BC05AA01BC05 /* Features/ClassSchedule/Services/ClassScheduleExportService.swift in Sources */ = {isa = PBXBuildFile; fileRef = AA01BC15AA01BC15AA01BC15 /* Features/ClassSchedule/Services/ClassScheduleExportService.swift */; };
		AA01BC06AA01BC06AA01BC06 /* Features/ClassSchedule/Views/ClassScheduleExportView.swift in Sources */ = {isa = PBXBuildFile; fileRef = AA01BC16AA01BC16AA01BC16 /* Features/ClassSchedule/Views/ClassScheduleExportView.swift */; };
		AA01BC07AA01BC07AA01BC07 /* Features/GradeHistory/Models/GradeHistoryModels.swift in Sources */ = {isa = PBXBuildFile; fileRef = AA01BC17AA01BC17AA01BC17 /* Features/GradeHistory/Models/GradeHistoryModels.swift */; };
		AA01BC08AA01BC08AA01BC08 /* Features/GradeHistory/ViewModels/GradeHistoryViewModel.swift in Sources */ = {isa = PBXBuildFile; fileRef = AA01BC18AA01BC18AA01BC18 /* Features/GradeHistory/ViewModels/GradeHistoryViewModel.swift */; };
		AA01BC09AA01BC09AA01BC09 /* Features/GradeHistory/Views/GradeHistoryView.swift in Sources */ = {isa = PBXBuildFile; fileRef = AA01BC19AA01BC19AA01BC19 /* Features/GradeHistory/Views/GradeHistoryView.swift */; };
		AA02BC01AA02BC01AA02BC01 /* SettingsView.swift in Sources */ = {isa = PBXBuildFile; fileRef = AA02BC11AA02BC11AA02BC11 /* SettingsView.swift */; };
		B3FE21C2F45E4762945AE2BC /* Features/EventRegistration/ViewModels/EventRegistration_Tab1_ViewModel.swift in Sources */ = {isa = PBXBuildFile; fileRef = E8DE8196BC5D860754676DD3 /* Features/EventRegistration/ViewModels/EventRegistration_Tab1_ViewModel.swift */; };
		BB01MD01BB01MD01BB01MD01 /* Features/Moodle/Models/MoodleModels.swift in Sources */ = {isa = PBXBuildFile; fileRef = BB01MF01BB01MF01BB01MF01 /* Features/Moodle/Models/MoodleModels.swift */; };
		BB01MD02BB01MD02BB01MD02 /* Features/Moodle/Services/MoodleService.swift in Sources */ = {isa = PBXBuildFile; fileRef = BB01MF02BB01MF02BB01MF02 /* Features/Moodle/Services/MoodleService.swift */; };
		BB01MD03BB01MD03BB01MD03 /* Features/Moodle/ViewModels/MoodleViewModel.swift in Sources */ = {isa = PBXBuildFile; fileRef = BB01MF03BB01MF03BB01MF03 /* Features/Moodle/ViewModels/MoodleViewModel.swift */; };
		BB01MD04BB01MD04BB01MD04 /* Features/Moodle/ViewModels/MoodleCourseDetailViewModel.swift in Sources */ = {isa = PBXBuildFile; fileRef = BB01MF04BB01MF04BB01MF04 /* Features/Moodle/ViewModels/MoodleCourseDetailViewModel.swift */; };
		BB01MD05BB01MD05BB01MD05 /* Features/Moodle/Views/MoodleView.swift in Sources */ = {isa = PBXBuildFile; fileRef = BB01MF05BB01MF05BB01MF05 /* Features/Moodle/Views/MoodleView.swift */; };
		BB01MD06BB01MD06BB01MD06 /* Features/Moodle/Views/MoodleCourseDetailView.swift in Sources */ = {isa = PBXBuildFile; fileRef = BB01MF06BB01MF06BB01MF06 /* Features/Moodle/Views/MoodleCourseDetailView.swift */; };
		BB01MD07BB01MD07BB01MD07 /* Features/Moodle/Views/MoodleForumView.swift in Sources */ = {isa = PBXBuildFile; fileRef = BB01MF07BB01MF07BB01MF07 /* Features/Moodle/Views/MoodleForumView.swift */; };
		BB01MD08BB01MD08BB01MD08 /* Features/Moodle/Views/MoodleAssignmentView.swift in Sources */ = {isa = PBXBuildFile; fileRef = BB01MF08BB01MF08BB01MF08 /* Features/Moodle/Views/MoodleAssignmentView.swift */; };
		BB01MD09BB01MD09BB01MD09 /* Features/Moodle/Views/MoodleGradeView.swift in Sources */ = {isa = PBXBuildFile; fileRef = BB01MF09BB01MF09BB01MF09 /* Features/Moodle/Views/MoodleGradeView.swift */; };
		BB01MD10BB01MD10BB01MD10 /* Features/Moodle/Views/MoodleWebView.swift in Sources */ = {isa = PBXBuildFile; fileRef = BB01MF10BB01MF10BB01MF10 /* Features/Moodle/Views/MoodleWebView.swift */; };
		BB01MD11BB01MD11BB01MD11 /* Features/Moodle/Services/MoodleSessionManager.swift in Sources */ = {isa = PBXBuildFile; fileRef = BB01MF11BB01MF11BB01MF11 /* Features/Moodle/Services/MoodleSessionManager.swift */; };
		BB01MD12BB01MD12BB01MD12 /* Features/Moodle/Views/MoodleFileViewer.swift in Sources */ = {isa = PBXBuildFile; fileRef = BB01MF12BB01MF12BB01MF12 /* Features/Moodle/Views/MoodleFileViewer.swift */; };
		BDA95DAF8AD691661CEE2C69 /* ZuvioLoginWebView.swift in Sources */ = {isa = PBXBuildFile; fileRef = DCA11103695A6E011620B1BC /* ZuvioLoginWebView.swift */; };
		C77CCBED4BDC0A50ED31765A /* Features/AcademicCalendar/Views/CalendarEventCard.swift in Sources */ = {isa = PBXBuildFile; fileRef = 9BEA8B4D9DCD926050361DB7 /* Features/AcademicCalendar/Views/CalendarEventCard.swift */; };
		DB019DBAF3FFAB53B86A173B /* Features/EventRegistration/Services/EventRegistrationWebViewManager.swift in Sources */ = {isa = PBXBuildFile; fileRef = 9C82E15AA17F583EDF46F641 /* Features/EventRegistration/Services/EventRegistrationWebViewManager.swift */; };
		E778712A574350C34D27E52E /* SSOLoginWebView.swift in Sources */ = {isa = PBXBuildFile; fileRef = 9E96602F196B61E6AF082552 /* SSOLoginWebView.swift */; };
		E82C05FDB268A0B09DCA82FB /* Features/EventRegistration/Views/EventRegistrationView.swift in Sources */ = {isa = PBXBuildFile; fileRef = 99CB51CCF338C6F80F84C2B4 /* Features/EventRegistration/Views/EventRegistrationView.swift */; };
		E880B97A27A0F77D4C7CFF25 /* Features/EventRegistration/Views/EventDetailView.swift in Sources */ = {isa = PBXBuildFile; fileRef = 79B37637674AD03D73D42CB6 /* Features/EventRegistration/Views/EventDetailView.swift */; };
		EBED7335AE977895DAC8CFF7 /* Features/EventRegistration/ViewModels/EventRegistrationViewModel.swift in Sources */ = {isa = PBXBuildFile; fileRef = 87D75D58F4E44C2F2422C7DE /* Features/EventRegistration/ViewModels/EventRegistrationViewModel.swift */; };
		FF2A4234B8932D33F9F0BDFA /* Features/EventRegistration/Views/EventRegistration_Tab1_View.swift in Sources */ = {isa = PBXBuildFile; fileRef = A52B1E986C68E2086B874E7E /* Features/EventRegistration/Views/EventRegistration_Tab1_View.swift */; };
/* End PBXBuildFile section */

/* Begin PBXContainerItemProxy section */
		10D1F8872F80C57A00034946 /* PBXContainerItemProxy */ = {
			isa = PBXContainerItemProxy;
			containerPortal = 10A32D5E2F431B8B0009BB45 /* Project object */;
			proxyType = 1;
			remoteGlobalIDString = 10D1F8722F80C57900034946;
			remoteInfo = "NIU-LiveActivitiesExtension";
		};
/* End PBXContainerItemProxy section */

/* Begin PBXCopyFilesBuildPhase section */
		10D1F88A2F80C57A00034946 /* Embed Foundation Extensions */ = {
			isa = PBXCopyFilesBuildPhase;
			buildActionMask = 2147483647;
			dstPath = "";
			dstSubfolderSpec = 13;
			files = (
				10D1F8892F80C57A00034946 /* NIU-LiveActivitiesExtension.appex in Embed Foundation Extensions */,
			);
			name = "Embed Foundation Extensions";
			runOnlyForDeploymentPostprocessing = 0;
		};
/* End PBXCopyFilesBuildPhase section */

/* Begin PBXFileReference section */
		0E182347FA814B44AC09A922 /* Features/AcademicCalendar/Views/AcademicCalendarPDFView.swift */ = {isa = PBXFileReference; lastKnownFileType = sourcecode.swift; path = Features/AcademicCalendar/Views/AcademicCalendarPDFView.swift; sourceTree = "<group>"; };
		10A32D662F431B8B0009BB45 /* NIU-APP.app */ = {isa = PBXFileReference; explicitFileType = wrapper.application; includeInIndex = 0; path = "NIU-APP.app"; sourceTree = BUILT_PRODUCTS_DIR; };
		10A32D742F431E350009BB45 /* NIUApp.swift */ = {isa = PBXFileReference; lastKnownFileType = sourcecode.swift; path = NIUApp.swift; sourceTree = "<group>"; };
		10A32D752F431E350009BB45 /* RootView.swift */ = {isa = PBXFileReference; lastKnownFileType = sourcecode.swift; path = RootView.swift; sourceTree = "<group>"; };
		10A32D772F431E350009BB45 /* AppState.swift */ = {isa = PBXFileReference; lastKnownFileType = sourcecode.swift; path = AppState.swift; sourceTree = "<group>"; };
		10A32D782F431E350009BB45 /* User.swift */ = {isa = PBXFileReference; lastKnownFileType = sourcecode.swift; path = User.swift; sourceTree = "<group>"; };
		10A32D7B2F431E350009BB45 /* LoginViewModel.swift */ = {isa = PBXFileReference; lastKnownFileType = sourcecode.swift; path = LoginViewModel.swift; sourceTree = "<group>"; };
		10A32D7D2F431E350009BB45 /* LoginView.swift */ = {isa = PBXFileReference; lastKnownFileType = sourcecode.swift; path = LoginView.swift; sourceTree = "<group>"; };
		10A32D802F431E350009BB45 /* HomeView.swift */ = {isa = PBXFileReference; lastKnownFileType = sourcecode.swift; path = HomeView.swift; sourceTree = "<group>"; };
		10A32D842F431E350009BB45 /* NIU-App.xcodeproj */ = {isa = PBXFileReference; lastKnownFileType = "wrapper.pb-project"; path = "NIU-App.xcodeproj"; sourceTree = "<group>"; };
		10A32D852F431E350009BB45 /* PROJECT_STRUCTURE.md */ = {isa = PBXFileReference; lastKnownFileType = net.daringfireball.markdown; path = PROJECT_STRUCTURE.md; sourceTree = "<group>"; };
		10A32D862F431E350009BB45 /* Assets.xcassets */ = {isa = PBXFileReference; lastKnownFileType = folder.assetcatalog; path = Assets.xcassets; sourceTree = "<group>"; };
		10A32D882F431E350009BB45 /* MinimalCard.swift */ = {isa = PBXFileReference; lastKnownFileType = sourcecode.swift; path = MinimalCard.swift; sourceTree = "<group>"; };
		10A32D892F431E350009BB45 /* MinimalSecureField.swift */ = {isa = PBXFileReference; lastKnownFileType = sourcecode.swift; path = MinimalSecureField.swift; sourceTree = "<group>"; };
		10A32D8A2F431E350009BB45 /* MinimalTextField.swift */ = {isa = PBXFileReference; lastKnownFileType = sourcecode.swift; path = MinimalTextField.swift; sourceTree = "<group>"; };
		10A32D8B2F431E350009BB45 /* MinimalToast.swift */ = {isa = PBXFileReference; lastKnownFileType = sourcecode.swift; path = MinimalToast.swift; sourceTree = "<group>"; };
		10A32D8D2F431E350009BB45 /* View+Extensions.swift */ = {isa = PBXFileReference; lastKnownFileType = sourcecode.swift; path = "View+Extensions.swift"; sourceTree = "<group>"; };
		10A32D8F2F431E350009BB45 /* Theme.swift */ = {isa = PBXFileReference; lastKnownFileType = sourcecode.swift; path = Theme.swift; sourceTree = "<group>"; };
		10A32D952F431F630009BB45 /* NIUApp.swift */ = {isa = PBXFileReference; lastKnownFileType = sourcecode.swift; path = NIUApp.swift; sourceTree = "<group>"; };
		10A32D962F431F630009BB45 /* RootView.swift */ = {isa = PBXFileReference; lastKnownFileType = sourcecode.swift; path = RootView.swift; sourceTree = "<group>"; };
		10A32D9C2F431F630009BB45 /* LoginViewModel.swift */ = {isa = PBXFileReference; lastKnownFileType = sourcecode.swift; path = LoginViewModel.swift; sourceTree = "<group>"; };
		10A32D9E2F431F630009BB45 /* LoginView.swift */ = {isa = PBXFileReference; lastKnownFileType = sourcecode.swift; path = LoginView.swift; sourceTree = "<group>"; };
		10A32DA12F431F630009BB45 /* HomeView.swift */ = {isa = PBXFileReference; lastKnownFileType = sourcecode.swift; path = HomeView.swift; sourceTree = "<group>"; };
		10A32DA52F431F630009BB45 /* Assets.xcassets */ = {isa = PBXFileReference; lastKnownFileType = folder.assetcatalog; path = Assets.xcassets; sourceTree = "<group>"; };
		10A32DA72F431F630009BB45 /* MinimalCard.swift */ = {isa = PBXFileReference; lastKnownFileType = sourcecode.swift; path = MinimalCard.swift; sourceTree = "<group>"; };
		10A32DA82F431F630009BB45 /* MinimalSecureField.swift */ = {isa = PBXFileReference; lastKnownFileType = sourcecode.swift; path = MinimalSecureField.swift; sourceTree = "<group>"; };
		10A32DA92F431F630009BB45 /* MinimalTextField.swift */ = {isa = PBXFileReference; lastKnownFileType = sourcecode.swift; path = MinimalTextField.swift; sourceTree = "<group>"; };
		10A32DAA2F431F630009BB45 /* MinimalToast.swift */ = {isa = PBXFileReference; lastKnownFileType = sourcecode.swift; path = MinimalToast.swift; sourceTree = "<group>"; };
		10A32DAC2F431F630009BB45 /* View+Extensions.swift */ = {isa = PBXFileReference; lastKnownFileType = sourcecode.swift; path = "View+Extensions.swift"; sourceTree = "<group>"; };
		10A32DAE2F431F630009BB45 /* Theme.swift */ = {isa = PBXFileReference; lastKnownFileType = sourcecode.swift; path = Theme.swift; sourceTree = "<group>"; };
		10A32DC32F4327A60009BB45 /* AppState.swift */ = {isa = PBXFileReference; lastKnownFileType = sourcecode.swift; path = AppState.swift; sourceTree = "<group>"; };
		10A32DC42F4327A60009BB45 /* User.swift */ = {isa = PBXFileReference; lastKnownFileType = sourcecode.swift; path = User.swift; sourceTree = "<group>"; };
		10A32DC62F4327A60009BB45 /* LoginRepository.swift */ = {isa = PBXFileReference; lastKnownFileType = sourcecode.swift; path = LoginRepository.swift; sourceTree = "<group>"; };
		10A32DC72F4327A60009BB45 /* SSOCaptchaProcessor.swift */ = {isa = PBXFileReference; lastKnownFileType = sourcecode.swift; path = SSOCaptchaProcessor.swift; sourceTree = "<group>"; };
		10A32DCE2F4327A60009BB45 /* SSOSessionService.swift */ = {isa = PBXFileReference; lastKnownFileType = sourcecode.swift; path = SSOSessionService.swift; sourceTree = "<group>"; };
		10D1F8732F80C57900034946 /* NIU-LiveActivitiesExtension.appex */ = {isa = PBXFileReference; explicitFileType = "wrapper.app-extension"; includeInIndex = 0; path = "NIU-LiveActivitiesExtension.appex"; sourceTree = BUILT_PRODUCTS_DIR; };
		10D1F8752F80C57900034946 /* WidgetKit.framework */ = {isa = PBXFileReference; lastKnownFileType = wrapper.framework; name = WidgetKit.framework; path = System/Library/Frameworks/WidgetKit.framework; sourceTree = SDKROOT; };
		10D1F8772F80C57900034946 /* SwiftUI.framework */ = {isa = PBXFileReference; lastKnownFileType = wrapper.framework; name = SwiftUI.framework; path = System/Library/Frameworks/SwiftUI.framework; sourceTree = SDKROOT; };
		164860A25809834EAD052539 /* Features/EventRegistration/Models/EventRegistrationModels.swift */ = {isa = PBXFileReference; lastKnownFileType = sourcecode.swift; path = Features/EventRegistration/Models/EventRegistrationModels.swift; sourceTree = "<group>"; };
		1CDAAAD7C4C04A3CAD92AF01 /* academic_calendar.json */ = {isa = PBXFileReference; lastKnownFileType = text.json; path = academic_calendar.json; sourceTree = "<group>"; };
		1CDAAAD8C4C04A3CAD92AF02 /* Settings.bundle */ = {isa = PBXFileReference; lastKnownFileType = "wrapper.plug-in"; path = Settings.bundle; sourceTree = "<group>"; };
		261551C8DEA5051502DBB4E9 /* Features/EventRegistration/Views/ModifyRegistrationView.swift */ = {isa = PBXFileReference; lastKnownFileType = sourcecode.swift; path = Features/EventRegistration/Views/ModifyRegistrationView.swift; sourceTree = "<group>"; };
		33A1EF221369347B02B04655 /* Features/AcademicCalendar/ViewModels/AcademicCalendarViewModel.swift */ = {isa = PBXFileReference; lastKnownFileType = sourcecode.swift; path = Features/AcademicCalendar/ViewModels/AcademicCalendarViewModel.swift; sourceTree = "<group>"; };
		3608802AF764CF5B0574526E /* ZuvioLoginWebView.swift */ = {isa = PBXFileReference; lastKnownFileType = sourcecode.swift; path = ZuvioLoginWebView.swift; sourceTree = "<group>"; };
		3BC65E95B4F2687FB415E42B /* ZuvioLoginWebView.swift */ = {isa = PBXFileReference; lastKnownFileType = sourcecode.swift; path = ZuvioLoginWebView.swift; sourceTree = "<group>"; };
		3CF54E564E0F41D38F6569A8 /* Features/EventRegistration/ViewModels/EventRegistration_Tab2_ViewModel.swift */ = {isa = PBXFileReference; lastKnownFileType = sourcecode.swift; path = Features/EventRegistration/ViewModels/EventRegistration_Tab2_ViewModel.swift; sourceTree = "<group>"; };
		427CCA3AAC41141DAB4616E5 /* Shared/Components/ToastView.swift */ = {isa = PBXFileReference; lastKnownFileType = sourcecode.swift; path = Shared/Components/ToastView.swift; sourceTree = "<group>"; };
		4FA77F7A401878E68B8284D4 /* Features/AcademicCalendar/Views/AcademicCalendarView.swift */ = {isa = PBXFileReference; lastKnownFileType = sourcecode.swift; path = Features/AcademicCalendar/Views/AcademicCalendarView.swift; sourceTree = "<group>"; };
		55E4F8FB8DF2C4FA7B8739A0 /* SSOLoginWebView.swift */ = {isa = PBXFileReference; lastKnownFileType = sourcecode.swift; path = SSOLoginWebView.swift; sourceTree = "<group>"; };
		7887A6F400EF545D630B2778 /* Features/EventRegistration/Views/EventRegistration_Tab2_View.swift */ = {isa = PBXFileReference; lastKnownFileType = sourcecode.swift; path = Features/EventRegistration/Views/EventRegistration_Tab2_View.swift; sourceTree = "<group>"; };
		79B37637674AD03D73D42CB6 /* Features/EventRegistration/Views/EventDetailView.swift */ = {isa = PBXFileReference; lastKnownFileType = sourcecode.swift; path = Features/EventRegistration/Views/EventDetailView.swift; sourceTree = "<group>"; };
		87D75D58F4E44C2F2422C7DE /* Features/EventRegistration/ViewModels/EventRegistrationViewModel.swift */ = {isa = PBXFileReference; lastKnownFileType = sourcecode.swift; path = Features/EventRegistration/ViewModels/EventRegistrationViewModel.swift; sourceTree = "<group>"; };
		8F37487BF4102AFFDD8877BB /* Features/AcademicCalendar/ViewModels/CalendarDataSourceConfig.swift */ = {isa = PBXFileReference; lastKnownFileType = sourcecode.swift; path = Features/AcademicCalendar/ViewModels/CalendarDataSourceConfig.swift; sourceTree = "<group>"; };
		99CB51CCF338C6F80F84C2B4 /* Features/EventRegistration/Views/EventRegistrationView.swift */ = {isa = PBXFileReference; lastKnownFileType = sourcecode.swift; path = Features/EventRegistration/Views/EventRegistrationView.swift; sourceTree = "<group>"; };
		9BEA8B4D9DCD926050361DB7 /* Features/AcademicCalendar/Views/CalendarEventCard.swift */ = {isa = PBXFileReference; lastKnownFileType = sourcecode.swift; path = Features/AcademicCalendar/Views/CalendarEventCard.swift; sourceTree = "<group>"; };
		9C82E15AA17F583EDF46F641 /* Features/EventRegistration/Services/EventRegistrationWebViewManager.swift */ = {isa = PBXFileReference; lastKnownFileType = sourcecode.swift; path = Features/EventRegistration/Services/EventRegistrationWebViewManager.swift; sourceTree = "<group>"; };
		9E96602F196B61E6AF082552 /* SSOLoginWebView.swift */ = {isa = PBXFileReference; lastKnownFileType = sourcecode.swift; path = SSOLoginWebView.swift; sourceTree = "<group>"; };
		A1B2C3D4E5F60718293A4B5C /* LICENSE */ = {isa = PBXFileReference; lastKnownFileType = text; path = LICENSE; sourceTree = SOURCE_ROOT; };
		A52B1E986C68E2086B874E7E /* Features/EventRegistration/Views/EventRegistration_Tab1_View.swift */ = {isa = PBXFileReference; lastKnownFileType = sourcecode.swift; path = Features/EventRegistration/Views/EventRegistration_Tab1_View.swift; sourceTree = "<group>"; };
		A9F0C1D2E3F4A5B6C7D8E9E0 /* PrivacyInfo.xcprivacy */ = {isa = PBXFileReference; lastKnownFileType = text.plist.xml; path = PrivacyInfo.xcprivacy; sourceTree = "<group>"; };
		AA01BC11AA01BC11AA01BC11 /* Features/ClassSchedule/Models/ClassScheduleModels.swift */ = {isa = PBXFileReference; lastKnownFileType = sourcecode.swift; path = Features/ClassSchedule/Models/ClassScheduleModels.swift; sourceTree = "<group>"; };
		AA01BC12AA01BC12AA01BC12 /* Features/ClassSchedule/Services/ClassScheduleWebView.swift */ = {isa = PBXFileReference; lastKnownFileType = sourcecode.swift; path = Features/ClassSchedule/Services/ClassScheduleWebView.swift; sourceTree = "<group>"; };
		AA01BC13AA01BC13AA01BC13 /* Features/ClassSchedule/ViewModels/ClassScheduleViewModel.swift */ = {isa = PBXFileReference; lastKnownFileType = sourcecode.swift; path = Features/ClassSchedule/ViewModels/ClassScheduleViewModel.swift; sourceTree = "<group>"; };
		AA01BC14AA01BC14AA01BC14 /* Features/ClassSchedule/Views/ClassScheduleView.swift */ = {isa = PBXFileReference; lastKnownFileType = sourcecode.swift; path = Features/ClassSchedule/Views/ClassScheduleView.swift; sourceTree = "<group>"; };
		AA01BC15AA01BC15AA01BC15 /* Features/ClassSchedule/Services/ClassScheduleExportService.swift */ = {isa = PBXFileReference; lastKnownFileType = sourcecode.swift; path = Features/ClassSchedule/Services/ClassScheduleExportService.swift; sourceTree = "<group>"; };
		AA01BC16AA01BC16AA01BC16 /* Features/ClassSchedule/Views/ClassScheduleExportView.swift */ = {isa = PBXFileReference; lastKnownFileType = sourcecode.swift; path = Features/ClassSchedule/Views/ClassScheduleExportView.swift; sourceTree = "<group>"; };
		AA01BC17AA01BC17AA01BC17 /* Features/GradeHistory/Models/GradeHistoryModels.swift */ = {isa = PBXFileReference; lastKnownFileType = sourcecode.swift; path = Features/GradeHistory/Models/GradeHistoryModels.swift; sourceTree = SOURCE_ROOT; };
		AA01BC18AA01BC18AA01BC18 /* Features/GradeHistory/ViewModels/GradeHistoryViewModel.swift */ = {isa = PBXFileReference; lastKnownFileType = sourcecode.swift; path = Features/GradeHistory/ViewModels/GradeHistoryViewModel.swift; sourceTree = SOURCE_ROOT; };
		AA01BC19AA01BC19AA01BC19 /* Features/GradeHistory/Views/GradeHistoryView.swift */ = {isa = PBXFileReference; lastKnownFileType = sourcecode.swift; path = Features/GradeHistory/Views/GradeHistoryView.swift; sourceTree = SOURCE_ROOT; };
		AA02BC11AA02BC11AA02BC11 /* SettingsView.swift */ = {isa = PBXFileReference; lastKnownFileType = sourcecode.swift; path = SettingsView.swift; sourceTree = "<group>"; };
		BB01MF01BB01MF01BB01MF01 /* Features/Moodle/Models/MoodleModels.swift */ = {isa = PBXFileReference; lastKnownFileType = sourcecode.swift; path = Features/Moodle/Models/MoodleModels.swift; sourceTree = "<group>"; };
		BB01MF02BB01MF02BB01MF02 /* Features/Moodle/Services/MoodleService.swift */ = {isa = PBXFileReference; lastKnownFileType = sourcecode.swift; path = Features/Moodle/Services/MoodleService.swift; sourceTree = "<group>"; };
		BB01MF03BB01MF03BB01MF03 /* Features/Moodle/ViewModels/MoodleViewModel.swift */ = {isa = PBXFileReference; lastKnownFileType = sourcecode.swift; path = Features/Moodle/ViewModels/MoodleViewModel.swift; sourceTree = "<group>"; };
		BB01MF04BB01MF04BB01MF04 /* Features/Moodle/ViewModels/MoodleCourseDetailViewModel.swift */ = {isa = PBXFileReference; lastKnownFileType = sourcecode.swift; path = Features/Moodle/ViewModels/MoodleCourseDetailViewModel.swift; sourceTree = "<group>"; };
		BB01MF05BB01MF05BB01MF05 /* Features/Moodle/Views/MoodleView.swift */ = {isa = PBXFileReference; lastKnownFileType = sourcecode.swift; path = Features/Moodle/Views/MoodleView.swift; sourceTree = "<group>"; };
		BB01MF06BB01MF06BB01MF06 /* Features/Moodle/Views/MoodleCourseDetailView.swift */ = {isa = PBXFileReference; lastKnownFileType = sourcecode.swift; path = Features/Moodle/Views/MoodleCourseDetailView.swift; sourceTree = "<group>"; };
		BB01MF07BB01MF07BB01MF07 /* Features/Moodle/Views/MoodleForumView.swift */ = {isa = PBXFileReference; lastKnownFileType = sourcecode.swift; path = Features/Moodle/Views/MoodleForumView.swift; sourceTree = "<group>"; };
		BB01MF08BB01MF08BB01MF08 /* Features/Moodle/Views/MoodleAssignmentView.swift */ = {isa = PBXFileReference; lastKnownFileType = sourcecode.swift; path = Features/Moodle/Views/MoodleAssignmentView.swift; sourceTree = "<group>"; };
		BB01MF09BB01MF09BB01MF09 /* Features/Moodle/Views/MoodleGradeView.swift */ = {isa = PBXFileReference; lastKnownFileType = sourcecode.swift; path = Features/Moodle/Views/MoodleGradeView.swift; sourceTree = "<group>"; };
		BB01MF10BB01MF10BB01MF10 /* Features/Moodle/Views/MoodleWebView.swift */ = {isa = PBXFileReference; lastKnownFileType = sourcecode.swift; path = Features/Moodle/Views/MoodleWebView.swift; sourceTree = "<group>"; };
		BB01MF11BB01MF11BB01MF11 /* Features/Moodle/Services/MoodleSessionManager.swift */ = {isa = PBXFileReference; lastKnownFileType = sourcecode.swift; path = Features/Moodle/Services/MoodleSessionManager.swift; sourceTree = "<group>"; };
		BB01MF12BB01MF12BB01MF12 /* Features/Moodle/Views/MoodleFileViewer.swift */ = {isa = PBXFileReference; lastKnownFileType = sourcecode.swift; path = Features/Moodle/Views/MoodleFileViewer.swift; sourceTree = "<group>"; };
		D03EC236A7C7A4762DB0F602 /* Features/AcademicCalendar/Models/AcademicCalendarModels.swift */ = {isa = PBXFileReference; lastKnownFileType = sourcecode.swift; path = Features/AcademicCalendar/Models/AcademicCalendarModels.swift; sourceTree = "<group>"; };
		DCA11103695A6E011620B1BC /* ZuvioLoginWebView.swift */ = {isa = PBXFileReference; lastKnownFileType = sourcecode.swift; path = ZuvioLoginWebView.swift; sourceTree = "<group>"; };
		E244B8906CF482139A4AF67C /* SSOLoginWebView.swift */ = {isa = PBXFileReference; lastKnownFileType = sourcecode.swift; path = SSOLoginWebView.swift; sourceTree = "<group>"; };
		E53FEB41DF5AA6048B71884D /* ZuvioLoginWebView.swift */ = {isa = PBXFileReference; lastKnownFileType = sourcecode.swift; path = ZuvioLoginWebView.swift; sourceTree = "<group>"; };
		E8DE8196BC5D860754676DD3 /* Features/EventRegistration/ViewModels/EventRegistration_Tab1_ViewModel.swift */ = {isa = PBXFileReference; lastKnownFileType = sourcecode.swift; path = Features/EventRegistration/ViewModels/EventRegistration_Tab1_ViewModel.swift; sourceTree = "<group>"; };
		F30F6AE22196AB5E18E4F966 /* Features/EventRegistration/Views/AppliedEventDetailView.swift */ = {isa = PBXFileReference; lastKnownFileType = sourcecode.swift; path = Features/EventRegistration/Views/AppliedEventDetailView.swift; sourceTree = "<group>"; };
		FF5FA8CC8B061BC31BC1FE86 /* SSOLoginWebView.swift */ = {isa = PBXFileReference; lastKnownFileType = sourcecode.swift; path = SSOLoginWebView.swift; sourceTree = "<group>"; };
/* End PBXFileReference section */

/* Begin PBXFileSystemSynchronizedBuildFileExceptionSet section */
		10D1F88D2F80C57A00034946 /* Exceptions for "NIU-LiveActivities" folder in "NIU-LiveActivitiesExtension" target */ = {
			isa = PBXFileSystemSynchronizedBuildFileExceptionSet;
			membershipExceptions = (
				Info.plist,
			);
			target = 10D1F8722F80C57900034946 /* NIU-LiveActivitiesExtension */;
		};
/* End PBXFileSystemSynchronizedBuildFileExceptionSet section */

/* Begin PBXFileSystemSynchronizedRootGroup section */
		10D1F8792F80C57900034946 /* NIU-LiveActivities */ = {
			isa = PBXFileSystemSynchronizedRootGroup;
			exceptions = (
				10D1F88D2F80C57A00034946 /* Exceptions for "NIU-LiveActivities" folder in "NIU-LiveActivitiesExtension" target */,
			);
			path = "NIU-LiveActivities";
			sourceTree = "<group>";
		};
/* End PBXFileSystemSynchronizedRootGroup section */

/* Begin PBXFrameworksBuildPhase section */
		10A32D632F431B8B0009BB45 /* Frameworks */ = {
			isa = PBXFrameworksBuildPhase;
			buildActionMask = 2147483647;
			files = (
			);
			runOnlyForDeploymentPostprocessing = 0;
		};
		10D1F8702F80C57900034946 /* Frameworks */ = {
			isa = PBXFrameworksBuildPhase;
			buildActionMask = 2147483647;
			files = (
				10D1F8782F80C57900034946 /* SwiftUI.framework in Frameworks */,
				10D1F8762F80C57900034946 /* WidgetKit.framework in Frameworks */,
			);
			runOnlyForDeploymentPostprocessing = 0;
		};
/* End PBXFrameworksBuildPhase section */

/* Begin PBXGroup section */
		10A32D5D2F431B8B0009BB45 = {
			isa = PBXGroup;
			children = (
				10A32D972F431F630009BB45 /* App */,
				10A32DA42F431F630009BB45 /* Features */,
				10A32DA62F431F630009BB45 /* Resources */,
				10A32DB02F431F630009BB45 /* Shared */,
				10D1F8792F80C57900034946 /* NIU-LiveActivities */,
				10D1F8742F80C57900034946 /* Frameworks */,
				10A32D672F431B8B0009BB45 /* Products */,
				10A32DC92F4327A60009BB45 /* Core */,
				10A32DF42F43C76F0009BB45 /* Recovered References */,
			);
			sourceTree = "<group>";
		};
		10A32D672F431B8B0009BB45 /* Products */ = {
			isa = PBXGroup;
			children = (
				10A32D762F431E350009BB45 /* App */,
				10A32D7A2F431E350009BB45 /* Core */,
				10A32D832F431E350009BB45 /* Features */,
				10A32D842F431E350009BB45 /* NIU-App.xcodeproj */,
				10A32D852F431E350009BB45 /* PROJECT_STRUCTURE.md */,
				10A32D872F431E350009BB45 /* Resources */,
				10A32D912F431E350009BB45 /* Shared */,
				10A32D662F431B8B0009BB45 /* NIU-APP.app */,
				10D1F8732F80C57900034946 /* NIU-LiveActivitiesExtension.appex */,
			);
			name = Products;
			sourceTree = "<group>";
		};
		10A32D762F431E350009BB45 /* App */ = {
			isa = PBXGroup;
			children = (
				10A32D742F431E350009BB45 /* NIUApp.swift */,
				10A32D752F431E350009BB45 /* RootView.swift */,
			);
			path = App;
			sourceTree = "<group>";
		};
		10A32D792F431E350009BB45 /* Models */ = {
			isa = PBXGroup;
			children = (
				10A32D772F431E350009BB45 /* AppState.swift */,
				10A32D782F431E350009BB45 /* User.swift */,
			);
			path = Models;
			sourceTree = "<group>";
		};
		10A32D7A2F431E350009BB45 /* Core */ = {
			isa = PBXGroup;
			children = (
				10A32D792F431E350009BB45 /* Models */,
			);
			path = Core;
			sourceTree = "<group>";
		};
		10A32D7C2F431E350009BB45 /* ViewModels */ = {
			isa = PBXGroup;
			children = (
				10A32D7B2F431E350009BB45 /* LoginViewModel.swift */,
			);
			path = ViewModels;
			sourceTree = "<group>";
		};
		10A32D7E2F431E350009BB45 /* Views */ = {
			isa = PBXGroup;
			children = (
				10A32D7D2F431E350009BB45 /* LoginView.swift */,
			);
			path = Views;
			sourceTree = "<group>";
		};
		10A32D7F2F431E350009BB45 /* Authentication */ = {
			isa = PBXGroup;
			children = (
				10A32D7C2F431E350009BB45 /* ViewModels */,
				10A32D7E2F431E350009BB45 /* Views */,
			);
			path = Authentication;
			sourceTree = "<group>";
		};
		10A32D812F431E350009BB45 /* Views */ = {
			isa = PBXGroup;
			children = (
				10A32D802F431E350009BB45 /* HomeView.swift */,
			);
			path = Views;
			sourceTree = "<group>";
		};
		10A32D822F431E350009BB45 /* Home */ = {
			isa = PBXGroup;
			children = (
				10A32D812F431E350009BB45 /* Views */,
			);
			path = Home;
			sourceTree = "<group>";
		};
		10A32D832F431E350009BB45 /* Features */ = {
			isa = PBXGroup;
			children = (
				10A32D7F2F431E350009BB45 /* Authentication */,
				10A32D822F431E350009BB45 /* Home */,
			);
			path = Features;
			sourceTree = "<group>";
		};
		10A32D872F431E350009BB45 /* Resources */ = {
			isa = PBXGroup;
			children = (
				10A32D862F431E350009BB45 /* Assets.xcassets */,
			);
			path = Resources;
			sourceTree = "<group>";
		};
		10A32D8C2F431E350009BB45 /* Components */ = {
			isa = PBXGroup;
			children = (
				10A32D882F431E350009BB45 /* MinimalCard.swift */,
				10A32D892F431E350009BB45 /* MinimalSecureField.swift */,
				10A32D8A2F431E350009BB45 /* MinimalTextField.swift */,
				10A32D8B2F431E350009BB45 /* MinimalToast.swift */,
			);
			path = Components;
			sourceTree = "<group>";
		};
		10A32D8E2F431E350009BB45 /* Extensions */ = {
			isa = PBXGroup;
			children = (
				10A32D8D2F431E350009BB45 /* View+Extensions.swift */,
			);
			path = Extensions;
			sourceTree = "<group>";
		};
		10A32D902F431E350009BB45 /* Theme */ = {
			isa = PBXGroup;
			children = (
				10A32D8F2F431E350009BB45 /* Theme.swift */,
			);
			path = Theme;
			sourceTree = "<group>";
		};
		10A32D912F431E350009BB45 /* Shared */ = {
			isa = PBXGroup;
			children = (
				10A32D8C2F431E350009BB45 /* Components */,
				10A32D8E2F431E350009BB45 /* Extensions */,
				10A32D902F431E350009BB45 /* Theme */,
			);
			path = Shared;
			sourceTree = "<group>";
		};
		10A32D922F431E350009BB45 /* Products */ = {
			isa = PBXGroup;
			name = Products;
			sourceTree = "<group>";
		};
		10A32D972F431F630009BB45 /* App */ = {
			isa = PBXGroup;
			children = (
				10A32D952F431F630009BB45 /* NIUApp.swift */,
				10A32D962F431F630009BB45 /* RootView.swift */,
			);
			path = App;
			sourceTree = "<group>";
		};
		10A32D9D2F431F630009BB45 /* ViewModels */ = {
			isa = PBXGroup;
			children = (
				10A32D9C2F431F630009BB45 /* LoginViewModel.swift */,
			);
			path = ViewModels;
			sourceTree = "<group>";
		};
		10A32D9F2F431F630009BB45 /* Views */ = {
			isa = PBXGroup;
			children = (
				10A32D9E2F431F630009BB45 /* LoginView.swift */,
			);
			path = Views;
			sourceTree = "<group>";
		};
		10A32DA02F431F630009BB45 /* Authentication */ = {
			isa = PBXGroup;
			children = (
				5E923A0A00B53B4F82EE67BD /* Services */,
				4681EB825F20592DB98D822B /* Services */,
				84A6D9A10BB91FB124835325 /* Services */,
				C939C1C187390F52AF83A2E6 /* Services */,
				10A32D9D2F431F630009BB45 /* ViewModels */,
				10A32D9F2F431F630009BB45 /* Views */,
			);
			path = Authentication;
			sourceTree = "<group>";
		};
		10A32DA22F431F630009BB45 /* Views */ = {
			isa = PBXGroup;
			children = (
				10A32DA12F431F630009BB45 /* HomeView.swift */,
				AA02BC11AA02BC11AA02BC11 /* SettingsView.swift */,
			);
			path = Views;
			sourceTree = "<group>";
		};
		10A32DA32F431F630009BB45 /* Home */ = {
			isa = PBXGroup;
			children = (
				10A32DA22F431F630009BB45 /* Views */,
			);
			path = Home;
			sourceTree = "<group>";
		};
		10A32DA42F431F630009BB45 /* Features */ = {
			isa = PBXGroup;
			children = (
				10A32DA02F431F630009BB45 /* Authentication */,
				10A32DA32F431F630009BB45 /* Home */,
				AA01BC10AA01BC10AA01BC10 /* GradeHistory */,
			);
			path = Features;
			sourceTree = "<group>";
		};
		10A32DA62F431F630009BB45 /* Resources */ = {
			isa = PBXGroup;
			children = (
				10A32DA52F431F630009BB45 /* Assets.xcassets */,
				1CDAAAD7C4C04A3CAD92AF01 /* academic_calendar.json */,
				1CDAAAD8C4C04A3CAD92AF02 /* Settings.bundle */,
				A9F0C1D2E3F4A5B6C7D8E9E0 /* PrivacyInfo.xcprivacy */,
				A1B2C3D4E5F60718293A4B5C /* LICENSE */,
			);
			path = Resources;
			sourceTree = "<group>";
		};
		10A32DAB2F431F630009BB45 /* Components */ = {
			isa = PBXGroup;
			children = (
				10A32DA72F431F630009BB45 /* MinimalCard.swift */,
				10A32DA82F431F630009BB45 /* MinimalSecureField.swift */,
				10A32DA92F431F630009BB45 /* MinimalTextField.swift */,
				10A32DAA2F431F630009BB45 /* MinimalToast.swift */,
			);
			path = Components;
			sourceTree = "<group>";
		};
		10A32DAD2F431F630009BB45 /* Extensions */ = {
			isa = PBXGroup;
			children = (
				10A32DAC2F431F630009BB45 /* View+Extensions.swift */,
			);
			path = Extensions;
			sourceTree = "<group>";
		};
		10A32DAF2F431F630009BB45 /* Theme */ = {
			isa = PBXGroup;
			children = (
				10A32DAE2F431F630009BB45 /* Theme.swift */,
			);
			path = Theme;
			sourceTree = "<group>";
		};
		10A32DB02F431F630009BB45 /* Shared */ = {
			isa = PBXGroup;
			children = (
				10A32DAB2F431F630009BB45 /* Components */,
				10A32DAD2F431F630009BB45 /* Extensions */,
				10A32DAF2F431F630009BB45 /* Theme */,
			);
			path = Shared;
			sourceTree = "<group>";
		};
		10A32DC52F4327A60009BB45 /* Models */ = {
			isa = PBXGroup;
			children = (
				10A32DC32F4327A60009BB45 /* AppState.swift */,
				10A32DC42F4327A60009BB45 /* User.swift */,
			);
			path = Models;
			sourceTree = "<group>";
		};
		10A32DC82F4327A60009BB45 /* Services */ = {
			isa = PBXGroup;
			children = (
				10A32DC62F4327A60009BB45 /* LoginRepository.swift */,
				10A32DC72F4327A60009BB45 /* SSOCaptchaProcessor.swift */,
				10A32DCE2F4327A60009BB45 /* SSOSessionService.swift */,
			);
			path = Services;
			sourceTree = "<group>";
		};
		10A32DC92F4327A60009BB45 /* Core */ = {
			isa = PBXGroup;
			children = (
				10A32DC52F4327A60009BB45 /* Models */,
				10A32DC82F4327A60009BB45 /* Services */,
			);
			path = Core;
			sourceTree = "<group>";
		};
		10A32DF42F43C76F0009BB45 /* Recovered References */ = {
			isa = PBXGroup;
			children = (
				8F37487BF4102AFFDD8877BB /* Features/AcademicCalendar/ViewModels/CalendarDataSourceConfig.swift */,
				9BEA8B4D9DCD926050361DB7 /* Features/AcademicCalendar/Views/CalendarEventCard.swift */,
				0E182347FA814B44AC09A922 /* Features/AcademicCalendar/Views/AcademicCalendarPDFView.swift */,
				4FA77F7A401878E68B8284D4 /* Features/AcademicCalendar/Views/AcademicCalendarView.swift */,
				33A1EF221369347B02B04655 /* Features/AcademicCalendar/ViewModels/AcademicCalendarViewModel.swift */,
				D03EC236A7C7A4762DB0F602 /* Features/AcademicCalendar/Models/AcademicCalendarModels.swift */,
				427CCA3AAC41141DAB4616E5 /* Shared/Components/ToastView.swift */,
				261551C8DEA5051502DBB4E9 /* Features/EventRegistration/Views/ModifyRegistrationView.swift */,
				F30F6AE22196AB5E18E4F966 /* Features/EventRegistration/Views/AppliedEventDetailView.swift */,
				79B37637674AD03D73D42CB6 /* Features/EventRegistration/Views/EventDetailView.swift */,
				7887A6F400EF545D630B2778 /* Features/EventRegistration/Views/EventRegistration_Tab2_View.swift */,
				A52B1E986C68E2086B874E7E /* Features/EventRegistration/Views/EventRegistration_Tab1_View.swift */,
				99CB51CCF338C6F80F84C2B4 /* Features/EventRegistration/Views/EventRegistrationView.swift */,
				3CF54E564E0F41D38F6569A8 /* Features/EventRegistration/ViewModels/EventRegistration_Tab2_ViewModel.swift */,
				E8DE8196BC5D860754676DD3 /* Features/EventRegistration/ViewModels/EventRegistration_Tab1_ViewModel.swift */,
				87D75D58F4E44C2F2422C7DE /* Features/EventRegistration/ViewModels/EventRegistrationViewModel.swift */,
				9C82E15AA17F583EDF46F641 /* Features/EventRegistration/Services/EventRegistrationWebViewManager.swift */,
				164860A25809834EAD052539 /* Features/EventRegistration/Models/EventRegistrationModels.swift */,
				AA01BC11AA01BC11AA01BC11 /* Features/ClassSchedule/Models/ClassScheduleModels.swift */,
				AA01BC12AA01BC12AA01BC12 /* Features/ClassSchedule/Services/ClassScheduleWebView.swift */,
				AA01BC13AA01BC13AA01BC13 /* Features/ClassSchedule/ViewModels/ClassScheduleViewModel.swift */,
				AA01BC14AA01BC14AA01BC14 /* Features/ClassSchedule/Views/ClassScheduleView.swift */,
				AA01BC15AA01BC15AA01BC15 /* Features/ClassSchedule/Services/ClassScheduleExportService.swift */,
				AA01BC16AA01BC16AA01BC16 /* Features/ClassSchedule/Views/ClassScheduleExportView.swift */,
				BB01MF01BB01MF01BB01MF01 /* Features/Moodle/Models/MoodleModels.swift */,
				BB01MF02BB01MF02BB01MF02 /* Features/Moodle/Services/MoodleService.swift */,
				BB01MF03BB01MF03BB01MF03 /* Features/Moodle/ViewModels/MoodleViewModel.swift */,
				BB01MF04BB01MF04BB01MF04 /* Features/Moodle/ViewModels/MoodleCourseDetailViewModel.swift */,
				BB01MF05BB01MF05BB01MF05 /* Features/Moodle/Views/MoodleView.swift */,
				BB01MF06BB01MF06BB01MF06 /* Features/Moodle/Views/MoodleCourseDetailView.swift */,
				BB01MF07BB01MF07BB01MF07 /* Features/Moodle/Views/MoodleForumView.swift */,
				BB01MF08BB01MF08BB01MF08 /* Features/Moodle/Views/MoodleAssignmentView.swift */,
				BB01MF09BB01MF09BB01MF09 /* Features/Moodle/Views/MoodleGradeView.swift */,
				BB01MF10BB01MF10BB01MF10 /* Features/Moodle/Views/MoodleWebView.swift */,
				BB01MF11BB01MF11BB01MF11 /* Features/Moodle/Services/MoodleSessionManager.swift */,
				BB01MF12BB01MF12BB01MF12 /* Features/Moodle/Views/MoodleFileViewer.swift */,
			);
			name = "Recovered References";
			sourceTree = "<group>";
		};
		10D1F8742F80C57900034946 /* Frameworks */ = {
			isa = PBXGroup;
			children = (
				10D1F8752F80C57900034946 /* WidgetKit.framework */,
				10D1F8772F80C57900034946 /* SwiftUI.framework */,
			);
			name = Frameworks;
			sourceTree = "<group>";
		};
		4681EB825F20592DB98D822B /* Services */ = {
			isa = PBXGroup;
			children = (
				55E4F8FB8DF2C4FA7B8739A0 /* SSOLoginWebView.swift */,
				E53FEB41DF5AA6048B71884D /* ZuvioLoginWebView.swift */,
			);
			path = Services;
			sourceTree = "<group>";
		};
		5E923A0A00B53B4F82EE67BD /* Services */ = {
			isa = PBXGroup;
			children = (
				E244B8906CF482139A4AF67C /* SSOLoginWebView.swift */,
				3608802AF764CF5B0574526E /* ZuvioLoginWebView.swift */,
			);
			path = Services;
			sourceTree = "<group>";
		};
		84A6D9A10BB91FB124835325 /* Services */ = {
			isa = PBXGroup;
			children = (
				FF5FA8CC8B061BC31BC1FE86 /* SSOLoginWebView.swift */,
				3BC65E95B4F2687FB415E42B /* ZuvioLoginWebView.swift */,
			);
			path = Services;
			sourceTree = "<group>";
		};
		AA01BC10AA01BC10AA01BC10 /* GradeHistory */ = {
			isa = PBXGroup;
			children = (
				AA01BC20AA01BC20AA01BC20 /* Models */,
				AA01BC21AA01BC21AA01BC21 /* ViewModels */,
				AA01BC22AA01BC22AA01BC22 /* Views */,
			);
			path = GradeHistory;
			sourceTree = "<group>";
		};
		AA01BC20AA01BC20AA01BC20 /* Models */ = {
			isa = PBXGroup;
			children = (
				AA01BC17AA01BC17AA01BC17 /* Features/GradeHistory/Models/GradeHistoryModels.swift */,
			);
			path = Models;
			sourceTree = "<group>";
		};
		AA01BC21AA01BC21AA01BC21 /* ViewModels */ = {
			isa = PBXGroup;
			children = (
				AA01BC18AA01BC18AA01BC18 /* Features/GradeHistory/ViewModels/GradeHistoryViewModel.swift */,
			);
			path = ViewModels;
			sourceTree = "<group>";
		};
		AA01BC22AA01BC22AA01BC22 /* Views */ = {
			isa = PBXGroup;
			children = (
				AA01BC19AA01BC19AA01BC19 /* Features/GradeHistory/Views/GradeHistoryView.swift */,
			);
			path = Views;
			sourceTree = "<group>";
		};
		C939C1C187390F52AF83A2E6 /* Services */ = {
			isa = PBXGroup;
			children = (
				9E96602F196B61E6AF082552 /* SSOLoginWebView.swift */,
				DCA11103695A6E011620B1BC /* ZuvioLoginWebView.swift */,
			);
			path = Services;
			sourceTree = "<group>";
		};
/* End PBXGroup section */

/* Begin PBXNativeTarget section */
		10A32D652F431B8B0009BB45 /* NIU-APP */ = {
			isa = PBXNativeTarget;
			buildConfigurationList = 10A32D712F431B8C0009BB45 /* Build configuration list for PBXNativeTarget "NIU-APP" */;
			buildPhases = (
				10A32D622F431B8B0009BB45 /* Sources */,
				10A32D632F431B8B0009BB45 /* Frameworks */,
				10A32D642F431B8B0009BB45 /* Resources */,
				10D1F88A2F80C57A00034946 /* Embed Foundation Extensions */,
			);
			buildRules = (
			);
			dependencies = (
				10D1F8882F80C57A00034946 /* PBXTargetDependency */,
			);
			name = "NIU-APP";
			packageProductDependencies = (
			);
			productName = "NIU-APP";
			productReference = 10A32D662F431B8B0009BB45 /* NIU-APP.app */;
			productType = "com.apple.product-type.application";
		};
		10D1F8722F80C57900034946 /* NIU-LiveActivitiesExtension */ = {
			isa = PBXNativeTarget;
			buildConfigurationList = 10D1F88E2F80C57A00034946 /* Build configuration list for PBXNativeTarget "NIU-LiveActivitiesExtension" */;
			buildPhases = (
				10D1F86F2F80C57900034946 /* Sources */,
				10D1F8702F80C57900034946 /* Frameworks */,
				10D1F8712F80C57900034946 /* Resources */,
			);
			buildRules = (
			);
			dependencies = (
			);
			fileSystemSynchronizedGroups = (
				10D1F8792F80C57900034946 /* NIU-LiveActivities */,
			);
			name = "NIU-LiveActivitiesExtension";
			packageProductDependencies = (
			);
			productName = "NIU-LiveActivitiesExtension";
			productReference = 10D1F8732F80C57900034946 /* NIU-LiveActivitiesExtension.appex */;
			productType = "com.apple.product-type.app-extension";
		};
/* End PBXNativeTarget section */

/* Begin PBXProject section */
		10A32D5E2F431B8B0009BB45 /* Project object */ = {
			isa = PBXProject;
			attributes = {
				BuildIndependentTargetsInParallel = 1;
				LastSwiftUpdateCheck = 2630;
				LastUpgradeCheck = 2630;
				TargetAttributes = {
					10A32D652F431B8B0009BB45 = {
						CreatedOnToolsVersion = 26.2;
					};
					10D1F8722F80C57900034946 = {
						CreatedOnToolsVersion = 26.3;
					};
				};
			};
			buildConfigurationList = 10A32D612F431B8B0009BB45 /* Build configuration list for PBXProject "NIU-App" */;
			developmentRegion = en;
			hasScannedForEncodings = 0;
			knownRegions = (
				en,
				Base,
			);
			mainGroup = 10A32D5D2F431B8B0009BB45;
			minimizedProjectReferenceProxies = 1;
			preferredProjectObjectVersion = 77;
			productRefGroup = 10A32D672F431B8B0009BB45 /* Products */;
			projectDirPath = "";
			projectReferences = (
				{
					ProductGroup = 10A32D922F431E350009BB45 /* Products */;
					ProjectRef = 10A32D842F431E350009BB45 /* NIU-App.xcodeproj */;
				},
			);
			projectRoot = "";
			targets = (
				10A32D652F431B8B0009BB45 /* NIU-APP */,
				10D1F8722F80C57900034946 /* NIU-LiveActivitiesExtension */,
			);
		};
/* End PBXProject section */

/* Begin PBXResourcesBuildPhase section */
		10A32D642F431B8B0009BB45 /* Resources */ = {
			isa = PBXResourcesBuildPhase;
			buildActionMask = 2147483647;
			files = (
				10A32DB12F431F630009BB45 /* Assets.xcassets in Resources */,
				0E182344FA814B44AC09A91F /* academic_calendar.json in Resources */,
				0E182345FA814B44AC09A920 /* Settings.bundle in Resources */,
				A9F0C1D2E3F4A5B6C7D8E9F0 /* PrivacyInfo.xcprivacy in Resources */,
				A1B2C3D4E5F60718293A4B5D /* LICENSE in Resources */,
			);
			runOnlyForDeploymentPostprocessing = 0;
		};
		10D1F8712F80C57900034946 /* Resources */ = {
			isa = PBXResourcesBuildPhase;
			buildActionMask = 2147483647;
			files = (
			);
			runOnlyForDeploymentPostprocessing = 0;
		};
/* End PBXResourcesBuildPhase section */

/* Begin PBXSourcesBuildPhase section */
		10A32D622F431B8B0009BB45 /* Sources */ = {
			isa = PBXSourcesBuildPhase;
			buildActionMask = 2147483647;
			files = (
				79E5A654058A1E7F384DB426 /* Features/AcademicCalendar/ViewModels/CalendarDataSourceConfig.swift in Sources */,
				C77CCBED4BDC0A50ED31765A /* Features/AcademicCalendar/Views/CalendarEventCard.swift in Sources */,
				0E182346FA814B44AC09A921 /* Features/AcademicCalendar/Views/AcademicCalendarPDFView.swift in Sources */,
				2A6F9D26FB8E49BDC6BC0719 /* Features/AcademicCalendar/Views/AcademicCalendarView.swift in Sources */,
				3D5EA0A44D60577AA027C3F3 /* Features/AcademicCalendar/ViewModels/AcademicCalendarViewModel.swift in Sources */,
				54315A98B0455F60883B0DF5 /* Features/AcademicCalendar/Models/AcademicCalendarModels.swift in Sources */,
				6E8CC309E88345BB93EF517E /* Shared/Components/ToastView.swift in Sources */,
				5CCC1D48EA2F687ABDFA40C4 /* Features/EventRegistration/Views/ModifyRegistrationView.swift in Sources */,
				0582D0EB51C8CB4ADCE9A96C /* Features/EventRegistration/Views/AppliedEventDetailView.swift in Sources */,
				E880B97A27A0F77D4C7CFF25 /* Features/EventRegistration/Views/EventDetailView.swift in Sources */,
				533917A63E725B858C832E8F /* Features/EventRegistration/Views/EventRegistration_Tab2_View.swift in Sources */,
				FF2A4234B8932D33F9F0BDFA /* Features/EventRegistration/Views/EventRegistration_Tab1_View.swift in Sources */,
				E82C05FDB268A0B09DCA82FB /* Features/EventRegistration/Views/EventRegistrationView.swift in Sources */,
				79E15ABF1868BE5DC2DB8453 /* Features/EventRegistration/ViewModels/EventRegistration_Tab2_ViewModel.swift in Sources */,
				B3FE21C2F45E4762945AE2BC /* Features/EventRegistration/ViewModels/EventRegistration_Tab1_ViewModel.swift in Sources */,
				EBED7335AE977895DAC8CFF7 /* Features/EventRegistration/ViewModels/EventRegistrationViewModel.swift in Sources */,
				DB019DBAF3FFAB53B86A173B /* Features/EventRegistration/Services/EventRegistrationWebViewManager.swift in Sources */,
				19478269EF566FF3F3639DDE /* Features/EventRegistration/Models/EventRegistrationModels.swift in Sources */,
				E778712A574350C34D27E52E /* SSOLoginWebView.swift in Sources */,
				BDA95DAF8AD691661CEE2C69 /* ZuvioLoginWebView.swift in Sources */,
				10A32DB22F431F630009BB45 /* View+Extensions.swift in Sources */,
				10A32DB32F431F630009BB45 /* RootView.swift in Sources */,
				10A32DCA2F4327A60009BB45 /* AppState.swift in Sources */,
				10A32DCB2F4327A60009BB45 /* User.swift in Sources */,
				10A32DCC2F4327A60009BB45 /* SSOCaptchaProcessor.swift in Sources */,
				10A32DCD2F4327A60009BB45 /* LoginRepository.swift in Sources */,
				10A32DCF2F4327A60009BB45 /* SSOSessionService.swift in Sources */,
				10A32DB52F431F630009BB45 /* MinimalToast.swift in Sources */,
				10A32DB62F431F630009BB45 /* MinimalTextField.swift in Sources */,
				10A32DB72F431F630009BB45 /* NIUApp.swift in Sources */,
				10A32DB82F431F630009BB45 /* MinimalCard.swift in Sources */,
				10A32DB92F431F630009BB45 /* Theme.swift in Sources */,
				10A32DBA2F431F630009BB45 /* MinimalSecureField.swift in Sources */,
				AA01BC01AA01BC01AA01BC01 /* Features/ClassSchedule/Models/ClassScheduleModels.swift in Sources */,
				AA01BC02AA01BC02AA01BC02 /* Features/ClassSchedule/Services/ClassScheduleWebView.swift in Sources */,
				AA01BC03AA01BC03AA01BC03 /* Features/ClassSchedule/ViewModels/ClassScheduleViewModel.swift in Sources */,
				AA01BC04AA01BC04AA01BC04 /* Features/ClassSchedule/Views/ClassScheduleView.swift in Sources */,
				AA01BC05AA01BC05AA01BC05 /* Features/ClassSchedule/Services/ClassScheduleExportService.swift in Sources */,
				AA01BC06AA01BC06AA01BC06 /* Features/ClassSchedule/Views/ClassScheduleExportView.swift in Sources */,
				AA01BC07AA01BC07AA01BC07 /* Features/GradeHistory/Models/GradeHistoryModels.swift in Sources */,
				AA01BC08AA01BC08AA01BC08 /* Features/GradeHistory/ViewModels/GradeHistoryViewModel.swift in Sources */,
				AA01BC09AA01BC09AA01BC09 /* Features/GradeHistory/Views/GradeHistoryView.swift in Sources */,
				BB01MD01BB01MD01BB01MD01 /* Features/Moodle/Models/MoodleModels.swift in Sources */,
				BB01MD02BB01MD02BB01MD02 /* Features/Moodle/Services/MoodleService.swift in Sources */,
				BB01MD03BB01MD03BB01MD03 /* Features/Moodle/ViewModels/MoodleViewModel.swift in Sources */,
				BB01MD04BB01MD04BB01MD04 /* Features/Moodle/ViewModels/MoodleCourseDetailViewModel.swift in Sources */,
				BB01MD05BB01MD05BB01MD05 /* Features/Moodle/Views/MoodleView.swift in Sources */,
				BB01MD06BB01MD06BB01MD06 /* Features/Moodle/Views/MoodleCourseDetailView.swift in Sources */,
				BB01MD07BB01MD07BB01MD07 /* Features/Moodle/Views/MoodleForumView.swift in Sources */,
				BB01MD08BB01MD08BB01MD08 /* Features/Moodle/Views/MoodleAssignmentView.swift in Sources */,
				BB01MD09BB01MD09BB01MD09 /* Features/Moodle/Views/MoodleGradeView.swift in Sources */,
				BB01MD10BB01MD10BB01MD10 /* Features/Moodle/Views/MoodleWebView.swift in Sources */,
				BB01MD11BB01MD11BB01MD11 /* Features/Moodle/Services/MoodleSessionManager.swift in Sources */,
				BB01MD12BB01MD12BB01MD12 /* Features/Moodle/Views/MoodleFileViewer.swift in Sources */,
				10A32DBB2F431F630009BB45 /* HomeView.swift in Sources */,
				AA02BC01AA02BC01AA02BC01 /* SettingsView.swift in Sources */,
				10A32DBD2F431F630009BB45 /* LoginView.swift in Sources */,
				10A32DBE2F431F630009BB45 /* LoginViewModel.swift in Sources */,
			);
			runOnlyForDeploymentPostprocessing = 0;
		};
		10D1F86F2F80C57900034946 /* Sources */ = {
			isa = PBXSourcesBuildPhase;
			buildActionMask = 2147483647;
			files = (
			);
			runOnlyForDeploymentPostprocessing = 0;
		};
/* End PBXSourcesBuildPhase section */

/* Begin PBXTargetDependency section */
		10D1F8882F80C57A00034946 /* PBXTargetDependency */ = {
			isa = PBXTargetDependency;
			target = 10D1F8722F80C57900034946 /* NIU-LiveActivitiesExtension */;
			targetProxy = 10D1F8872F80C57A00034946 /* PBXContainerItemProxy */;
		};
/* End PBXTargetDependency section */

/* Begin XCBuildConfiguration section */
		10A32D6F2F431B8C0009BB45 /* Debug */ = {
			isa = XCBuildConfiguration;
			buildSettings = {
				ALWAYS_SEARCH_USER_PATHS = NO;
				ASSETCATALOG_COMPILER_GENERATE_SWIFT_ASSET_SYMBOL_EXTENSIONS = YES;
				CLANG_ANALYZER_NONNULL = YES;
				CLANG_ANALYZER_NUMBER_OBJECT_CONVERSION = YES_AGGRESSIVE;
				CLANG_CXX_LANGUAGE_STANDARD = "gnu++20";
				CLANG_ENABLE_MODULES = YES;
				CLANG_ENABLE_OBJC_ARC = YES;
				CLANG_ENABLE_OBJC_WEAK = YES;
				CLANG_WARN_BLOCK_CAPTURE_AUTORELEASING = YES;
				CLANG_WARN_BOOL_CONVERSION = YES;
				CLANG_WARN_COMMA = YES;
				CLANG_WARN_CONSTANT_CONVERSION = YES;
				CLANG_WARN_DEPRECATED_OBJC_IMPLEMENTATIONS = YES;
				CLANG_WARN_DIRECT_OBJC_ISA_USAGE = YES_ERROR;
				CLANG_WARN_DOCUMENTATION_COMMENTS = YES;
				CLANG_WARN_EMPTY_BODY = YES;
				CLANG_WARN_ENUM_CONVERSION = YES;
				CLANG_WARN_INFINITE_RECURSION = YES;
				CLANG_WARN_INT_CONVERSION = YES;
				CLANG_WARN_NON_LITERAL_NULL_CONVERSION = YES;
				CLANG_WARN_OBJC_IMPLICIT_RETAIN_SELF = YES;
				CLANG_WARN_OBJC_LITERAL_CONVERSION = YES;
				CLANG_WARN_OBJC_ROOT_CLASS = YES_ERROR;
				CLANG_WARN_QUOTED_INCLUDE_IN_FRAMEWORK_HEADER = YES;
				CLANG_WARN_RANGE_LOOP_ANALYSIS = YES;
				CLANG_WARN_STRICT_PROTOTYPES = YES;
				CLANG_WARN_SUSPICIOUS_MOVE = YES;
				CLANG_WARN_UNGUARDED_AVAILABILITY = YES_AGGRESSIVE;
				CLANG_WARN_UNREACHABLE_CODE = YES;
				CLANG_WARN__DUPLICATE_METHOD_MATCH = YES;
				COPY_PHASE_STRIP = NO;
				DEAD_CODE_STRIPPING = YES;
				DEBUG_INFORMATION_FORMAT = dwarf;
				DEVELOPMENT_TEAM = 7WXW86L84Q;
				ENABLE_STRICT_OBJC_MSGSEND = YES;
				ENABLE_TESTABILITY = YES;
				ENABLE_USER_SCRIPT_SANDBOXING = YES;
				GCC_C_LANGUAGE_STANDARD = gnu17;
				GCC_DYNAMIC_NO_PIC = NO;
				GCC_NO_COMMON_BLOCKS = YES;
				GCC_OPTIMIZATION_LEVEL = 0;
				GCC_PREPROCESSOR_DEFINITIONS = (
					"DEBUG=1",
					"$(inherited)",
				);
				GCC_WARN_64_TO_32_BIT_CONVERSION = YES;
				GCC_WARN_ABOUT_RETURN_TYPE = YES_ERROR;
				GCC_WARN_UNDECLARED_SELECTOR = YES;
				GCC_WARN_UNINITIALIZED_AUTOS = YES_AGGRESSIVE;
				GCC_WARN_UNUSED_FUNCTION = YES;
				GCC_WARN_UNUSED_VARIABLE = YES;
				LOCALIZATION_PREFERS_STRING_CATALOGS = YES;
				MTL_ENABLE_DEBUG_INFO = INCLUDE_SOURCE;
				MTL_FAST_MATH = YES;
				ONLY_ACTIVE_ARCH = YES;
				STRING_CATALOG_GENERATE_SYMBOLS = YES;
				SWIFT_ACTIVE_COMPILATION_CONDITIONS = "DEBUG $(inherited)";
				SWIFT_OPTIMIZATION_LEVEL = "-Onone";
			};
			name = Debug;
		};
		10A32D702F431B8C0009BB45 /* Release */ = {
			isa = XCBuildConfiguration;
			buildSettings = {
				ALWAYS_SEARCH_USER_PATHS = NO;
				ASSETCATALOG_COMPILER_GENERATE_SWIFT_ASSET_SYMBOL_EXTENSIONS = YES;
				CLANG_ANALYZER_NONNULL = YES;
				CLANG_ANALYZER_NUMBER_OBJECT_CONVERSION = YES_AGGRESSIVE;
				CLANG_CXX_LANGUAGE_STANDARD = "gnu++20";
				CLANG_ENABLE_MODULES = YES;
				CLANG_ENABLE_OBJC_ARC = YES;
				CLANG_ENABLE_OBJC_WEAK = YES;
				CLANG_WARN_BLOCK_CAPTURE_AUTORELEASING = YES;
				CLANG_WARN_BOOL_CONVERSION = YES;
				CLANG_WARN_COMMA = YES;
				CLANG_WARN_CONSTANT_CONVERSION = YES;
				CLANG_WARN_DEPRECATED_OBJC_IMPLEMENTATIONS = YES;
				CLANG_WARN_DIRECT_OBJC_ISA_USAGE = YES_ERROR;
				CLANG_WARN_DOCUMENTATION_COMMENTS = YES;
				CLANG_WARN_EMPTY_BODY = YES;
				CLANG_WARN_ENUM_CONVERSION = YES;
				CLANG_WARN_INFINITE_RECURSION = YES;
				CLANG_WARN_INT_CONVERSION = YES;
				CLANG_WARN_NON_LITERAL_NULL_CONVERSION = YES;
				CLANG_WARN_OBJC_IMPLICIT_RETAIN_SELF = YES;
				CLANG_WARN_OBJC_LITERAL_CONVERSION = YES;
				CLANG_WARN_OBJC_ROOT_CLASS = YES_ERROR;
				CLANG_WARN_QUOTED_INCLUDE_IN_FRAMEWORK_HEADER = YES;
				CLANG_WARN_RANGE_LOOP_ANALYSIS = YES;
				CLANG_WARN_STRICT_PROTOTYPES = YES;
				CLANG_WARN_SUSPICIOUS_MOVE = YES;
				CLANG_WARN_UNGUARDED_AVAILABILITY = YES_AGGRESSIVE;
				CLANG_WARN_UNREACHABLE_CODE = YES;
				CLANG_WARN__DUPLICATE_METHOD_MATCH = YES;
				COPY_PHASE_STRIP = NO;
				DEAD_CODE_STRIPPING = YES;
				DEBUG_INFORMATION_FORMAT = "dwarf-with-dsym";
				DEVELOPMENT_TEAM = 7WXW86L84Q;
				ENABLE_NS_ASSERTIONS = NO;
				ENABLE_STRICT_OBJC_MSGSEND = YES;
				ENABLE_USER_SCRIPT_SANDBOXING = YES;
				GCC_C_LANGUAGE_STANDARD = gnu17;
				GCC_NO_COMMON_BLOCKS = YES;
				GCC_WARN_64_TO_32_BIT_CONVERSION = YES;
				GCC_WARN_ABOUT_RETURN_TYPE = YES_ERROR;
				GCC_WARN_UNDECLARED_SELECTOR = YES;
				GCC_WARN_UNINITIALIZED_AUTOS = YES_AGGRESSIVE;
				GCC_WARN_UNUSED_FUNCTION = YES;
				GCC_WARN_UNUSED_VARIABLE = YES;
				LOCALIZATION_PREFERS_STRING_CATALOGS = YES;
				MTL_ENABLE_DEBUG_INFO = NO;
				MTL_FAST_MATH = YES;
				STRING_CATALOG_GENERATE_SYMBOLS = YES;
				SWIFT_COMPILATION_MODE = wholemodule;
			};
			name = Release;
		};
		10A32D722F431B8C0009BB45 /* Debug */ = {
			isa = XCBuildConfiguration;
			buildSettings = {
				ASSETCATALOG_COMPILER_APPICON_NAME = AppIcon;
				ASSETCATALOG_COMPILER_GLOBAL_ACCENT_COLOR_NAME = AccentColor;
				CODE_SIGN_ENTITLEMENTS = "App/NIU-App.entitlements";
				CODE_SIGN_STYLE = Automatic;
				CURRENT_PROJECT_VERSION = 1;
				DEAD_CODE_STRIPPING = YES;
				DEVELOPMENT_TEAM = 7WXW86L84Q;
				ENABLE_APP_SANDBOX = YES;
				ENABLE_HARDENED_RUNTIME = YES;
				ENABLE_OUTGOING_NETWORK_CONNECTIONS = YES;
				ENABLE_PREVIEWS = YES;
				ENABLE_USER_SELECTED_FILES = readwrite;
				GENERATE_INFOPLIST_FILE = NO;
				INFOPLIST_FILE = App/Info.plist;
				INFOPLIST_KEY_CFBundleDisplayName = "NIU-Life";
				INFOPLIST_KEY_LSApplicationCategoryType = "public.app-category.education";
				"INFOPLIST_KEY_UIApplicationSceneManifest_Generation[sdk=iphoneos*]" = YES;
				"INFOPLIST_KEY_UIApplicationSceneManifest_Generation[sdk=iphonesimulator*]" = YES;
				"INFOPLIST_KEY_UIApplicationSupportsIndirectInputEvents[sdk=iphoneos*]" = YES;
				"INFOPLIST_KEY_UIApplicationSupportsIndirectInputEvents[sdk=iphonesimulator*]" = YES;
				"INFOPLIST_KEY_UILaunchScreen_Generation[sdk=iphoneos*]" = YES;
				"INFOPLIST_KEY_UILaunchScreen_Generation[sdk=iphonesimulator*]" = YES;
				"INFOPLIST_KEY_UIStatusBarStyle[sdk=iphoneos*]" = UIStatusBarStyleDefault;
				"INFOPLIST_KEY_UIStatusBarStyle[sdk=iphonesimulator*]" = UIStatusBarStyleDefault;
				INFOPLIST_KEY_UISupportedInterfaceOrientations_iPad = "UIInterfaceOrientationPortrait UIInterfaceOrientationPortraitUpsideDown UIInterfaceOrientationLandscapeLeft UIInterfaceOrientationLandscapeRight";
				INFOPLIST_KEY_UISupportedInterfaceOrientations_iPhone = "UIInterfaceOrientationPortrait UIInterfaceOrientationLandscapeLeft UIInterfaceOrientationLandscapeRight";
				IPHONEOS_DEPLOYMENT_TARGET = 26.2;
				LD_RUNPATH_SEARCH_PATHS = "@executable_path/Frameworks";
				"LD_RUNPATH_SEARCH_PATHS[sdk=macosx*]" = "@executable_path/../Frameworks";
				MARKETING_VERSION = 1.0;
				PRODUCT_BUNDLE_IDENTIFIER = "CHIEN.NIU-APP";
				PRODUCT_NAME = "$(TARGET_NAME)";
				REGISTER_APP_GROUPS = YES;
				SDKROOT = auto;
				STRING_CATALOG_GENERATE_SYMBOLS = YES;
				SUPPORTED_PLATFORMS = "iphoneos iphonesimulator";
				SWIFT_APPROACHABLE_CONCURRENCY = YES;
				SWIFT_DEFAULT_ACTOR_ISOLATION = MainActor;
				SWIFT_EMIT_LOC_STRINGS = YES;
				SWIFT_UPCOMING_FEATURE_MEMBER_IMPORT_VISIBILITY = YES;
				SWIFT_VERSION = 5.0;
				TARGETED_DEVICE_FAMILY = "1,2";
			};
			name = Debug;
		};
		10A32D732F431B8C0009BB45 /* Release */ = {
			isa = XCBuildConfiguration;
			buildSettings = {
				ASSETCATALOG_COMPILER_APPICON_NAME = AppIcon;
				ASSETCATALOG_COMPILER_GLOBAL_ACCENT_COLOR_NAME = AccentColor;
				CODE_SIGN_ENTITLEMENTS = "App/NIU-App.entitlements";
				CODE_SIGN_STYLE = Automatic;
				CURRENT_PROJECT_VERSION = 1;
				DEAD_CODE_STRIPPING = YES;
				DEVELOPMENT_TEAM = 7WXW86L84Q;
				ENABLE_APP_SANDBOX = YES;
				ENABLE_HARDENED_RUNTIME = YES;
				ENABLE_OUTGOING_NETWORK_CONNECTIONS = YES;
				ENABLE_PREVIEWS = YES;
				ENABLE_USER_SELECTED_FILES = readwrite;
				GENERATE_INFOPLIST_FILE = NO;
				INFOPLIST_FILE = App/Info.plist;
				INFOPLIST_KEY_CFBundleDisplayName = "NIU-Life";
				INFOPLIST_KEY_LSApplicationCategoryType = "public.app-category.education";
				"INFOPLIST_KEY_UIApplicationSceneManifest_Generation[sdk=iphoneos*]" = YES;
				"INFOPLIST_KEY_UIApplicationSceneManifest_Generation[sdk=iphonesimulator*]" = YES;
				"INFOPLIST_KEY_UIApplicationSupportsIndirectInputEvents[sdk=iphoneos*]" = YES;
				"INFOPLIST_KEY_UIApplicationSupportsIndirectInputEvents[sdk=iphonesimulator*]" = YES;
				"INFOPLIST_KEY_UILaunchScreen_Generation[sdk=iphoneos*]" = YES;
				"INFOPLIST_KEY_UILaunchScreen_Generation[sdk=iphonesimulator*]" = YES;
				"INFOPLIST_KEY_UIStatusBarStyle[sdk=iphoneos*]" = UIStatusBarStyleDefault;
				"INFOPLIST_KEY_UIStatusBarStyle[sdk=iphonesimulator*]" = UIStatusBarStyleDefault;
				INFOPLIST_KEY_UISupportedInterfaceOrientations_iPad = "UIInterfaceOrientationPortrait UIInterfaceOrientationPortraitUpsideDown UIInterfaceOrientationLandscapeLeft UIInterfaceOrientationLandscapeRight";
				INFOPLIST_KEY_UISupportedInterfaceOrientations_iPhone = "UIInterfaceOrientationPortrait UIInterfaceOrientationLandscapeLeft UIInterfaceOrientationLandscapeRight";
				IPHONEOS_DEPLOYMENT_TARGET = 26.2;
				LD_RUNPATH_SEARCH_PATHS = "@executable_path/Frameworks";
				"LD_RUNPATH_SEARCH_PATHS[sdk=macosx*]" = "@executable_path/../Frameworks";
				MARKETING_VERSION = 1.0;
				PRODUCT_BUNDLE_IDENTIFIER = "CHIEN.NIU-APP";
				PRODUCT_NAME = "$(TARGET_NAME)";
				REGISTER_APP_GROUPS = YES;
				SDKROOT = auto;
				STRING_CATALOG_GENERATE_SYMBOLS = YES;
				SUPPORTED_PLATFORMS = "iphoneos iphonesimulator";
				SWIFT_APPROACHABLE_CONCURRENCY = YES;
				SWIFT_DEFAULT_ACTOR_ISOLATION = MainActor;
				SWIFT_EMIT_LOC_STRINGS = YES;
				SWIFT_UPCOMING_FEATURE_MEMBER_IMPORT_VISIBILITY = YES;
				SWIFT_VERSION = 5.0;
				TARGETED_DEVICE_FAMILY = "1,2";
			};
			name = Release;
		};
		10D1F88B2F80C57A00034946 /* Debug */ = {
			isa = XCBuildConfiguration;
			buildSettings = {
				ASSETCATALOG_COMPILER_GLOBAL_ACCENT_COLOR_NAME = AccentColor;
				ASSETCATALOG_COMPILER_WIDGET_BACKGROUND_COLOR_NAME = WidgetBackground;
				CODE_SIGN_ENTITLEMENTS = "NIU-LiveActivities/NIU-LiveActivities.entitlements";
				CODE_SIGN_STYLE = Automatic;
				CURRENT_PROJECT_VERSION = 1;
				DEVELOPMENT_TEAM = 7WXW86L84Q;
				GENERATE_INFOPLIST_FILE = YES;
				INFOPLIST_FILE = "NIU-LiveActivities/Info.plist";
				INFOPLIST_KEY_CFBundleDisplayName = "NIU-LiveActivities";
				INFOPLIST_KEY_NSHumanReadableCopyright = "";
				IPHONEOS_DEPLOYMENT_TARGET = 26.2;
				LD_RUNPATH_SEARCH_PATHS = (
					"$(inherited)",
					"@executable_path/Frameworks",
					"@executable_path/../../Frameworks",
				);
				MARKETING_VERSION = 1.0;
				PRODUCT_BUNDLE_IDENTIFIER = "CHIEN.NIU-APP.NIU-LiveActivities";
				PRODUCT_NAME = "$(TARGET_NAME)";
				SDKROOT = iphoneos;
				SKIP_INSTALL = YES;
				STRING_CATALOG_GENERATE_SYMBOLS = YES;
				SWIFT_APPROACHABLE_CONCURRENCY = YES;
				SWIFT_EMIT_LOC_STRINGS = YES;
				SWIFT_UPCOMING_FEATURE_MEMBER_IMPORT_VISIBILITY = YES;
				SWIFT_VERSION = 5.0;
				TARGETED_DEVICE_FAMILY = "1,2";
			};
			name = Debug;
		};
		10D1F88C2F80C57A00034946 /* Release */ = {
			isa = XCBuildConfiguration;
			buildSettings = {
				ASSETCATALOG_COMPILER_GLOBAL_ACCENT_COLOR_NAME = AccentColor;
				ASSETCATALOG_COMPILER_WIDGET_BACKGROUND_COLOR_NAME = WidgetBackground;
				CODE_SIGN_ENTITLEMENTS = "NIU-LiveActivities/NIU-LiveActivities.entitlements";
				CODE_SIGN_STYLE = Automatic;
				CURRENT_PROJECT_VERSION = 1;
				DEVELOPMENT_TEAM = 7WXW86L84Q;
				GENERATE_INFOPLIST_FILE = YES;
				INFOPLIST_FILE = "NIU-LiveActivities/Info.plist";
				INFOPLIST_KEY_CFBundleDisplayName = "NIU-LiveActivities";
				INFOPLIST_KEY_NSHumanReadableCopyright = "";
				IPHONEOS_DEPLOYMENT_TARGET = 26.2;
				LD_RUNPATH_SEARCH_PATHS = (
					"$(inherited)",
					"@executable_path/Frameworks",
					"@executable_path/../../Frameworks",
				);
				MARKETING_VERSION = 1.0;
				PRODUCT_BUNDLE_IDENTIFIER = "CHIEN.NIU-APP.NIU-LiveActivities";
				PRODUCT_NAME = "$(TARGET_NAME)";
				SDKROOT = iphoneos;
				SKIP_INSTALL = YES;
				STRING_CATALOG_GENERATE_SYMBOLS = YES;
				SWIFT_APPROACHABLE_CONCURRENCY = YES;
				SWIFT_EMIT_LOC_STRINGS = YES;
				SWIFT_UPCOMING_FEATURE_MEMBER_IMPORT_VISIBILITY = YES;
				SWIFT_VERSION = 5.0;
				TARGETED_DEVICE_FAMILY = "1,2";
				VALIDATE_PRODUCT = YES;
			};
			name = Release;
		};
/* End XCBuildConfiguration section */

/* Begin XCConfigurationList section */
		10A32D612F431B8B0009BB45 /* Build configuration list for PBXProject "NIU-App" */ = {
			isa = XCConfigurationList;
			buildConfigurations = (
				10A32D6F2F431B8C0009BB45 /* Debug */,
				10A32D702F431B8C0009BB45 /* Release */,
			);
			defaultConfigurationIsVisible = 0;
			defaultConfigurationName = Release;
		};
		10A32D712F431B8C0009BB45 /* Build configuration list for PBXNativeTarget "NIU-APP" */ = {
			isa = XCConfigurationList;
			buildConfigurations = (
				10A32D722F431B8C0009BB45 /* Debug */,
				10A32D732F431B8C0009BB45 /* Release */,
			);
			defaultConfigurationIsVisible = 0;
			defaultConfigurationName = Release;
		};
		10D1F88E2F80C57A00034946 /* Build configuration list for PBXNativeTarget "NIU-LiveActivitiesExtension" */ = {
			isa = XCConfigurationList;
			buildConfigurations = (
				10D1F88B2F80C57A00034946 /* Debug */,
				10D1F88C2F80C57A00034946 /* Release */,
			);
			defaultConfigurationIsVisible = 0;
			defaultConfigurationName = Release;
		};
/* End XCConfigurationList section */
	};
	rootObject = 10A32D5E2F431B8B0009BB45 /* Project object */;
}
